Microsoft Visual Studio Solution File, Format Version 11.00
# Visual Studio 2010
Project("{8BC9CEB8-8B4A-11D0-8D11-00A0C91BC942}") = "prop cc", "prop\prop.vcxproj", "{EC1B02C4-8BB1-4A73-B63D-89C7CAA59C74}"
EndProject
Project("{8BC9CEB8-8B4A-11D0-8D11-00A0C91BC942}") = "ADLib", "ADLib\ADLib.vcxproj", "{3374CCBC-71A2-41A8-942A-0F5841BE6061}"
EndProject
Project("{8BC9CEB8-8B4A-11D0-8D11-00A0C91BC942}") = "prop pcc", "prop pcc\prop pcc.vcxproj", "{F3E080B1-BCB9-41DC-9845-6EAD3869AF55}"
EndProject
Project("{2150E333-8FDC-42A3-9474-1A3956D46DE8}") = "demos", "demos", "{4D69630F-D490-4463-A5C4-25C36DA1A6FC}"
EndProject
Project("{8BC9CEB8-8B4A-11D0-8D11-00A0C91BC942}") = "logic", "demos\logic\logic.vcxproj", "{C32DA01C-7EB7-4C45-B517-3CB965216814}"
EndProject
Project("{8BC9CEB8-8B4A-11D0-8D11-00A0C91BC942}") = "logic2", "demos\logic2\logic2.vcxproj", "{489E3144-653A-4775-8E1A-5D2062817736}"
EndProject
Project("{8BC9CEB8-8B4A-11D0-8D11-00A0C91BC942}") = "logic3", "demos\logic3\logic3.vcxproj", "{2457595D-F5B2-4076-ABCD-68ABD8F268F7}"
EndProject
Project("{8BC9CEB8-8B4A-11D0-8D11-00A0C91BC942}") = "exp", "demos\exp\exp.vcxproj", "{4077E962-B6B2-4428-909E-05F9C56CE75C}"
EndProject
Project("{8BC9CEB8-8B4A-11D0-8D11-00A0C91BC942}") = "inference", "demos\inference\inference.vcxproj", "{B05C82A2-D5C9-499A-A7E7-8AFE4D290D44}"
EndProject
Project("{8BC9CEB8-8B4A-11D0-8D11-00A0C91BC942}") = "persistence", "demos\persistence\persistence.vcxproj", "{E657A7FF-3138-498C-89D2-671FBC3696DE}"
EndProject
Project("{8BC9CEB8-8B4A-11D0-8D11-00A0C91BC942}") = "prog", "demos\prog\prog.vcxproj", "{73925A69-6349-436F-85A7-353C8D97BF78}"
EndProject
Project("{8BC9CEB8-8B4A-11D0-8D11-00A0C91BC942}") = "rewrite-trick1", "demos\rewrite-trick1\rewrite-trick1.vcxproj", "{0FEBA2EC-ECBF-44D5-A511-51A5C879DBFB}"
EndProject
Project("{8BC9CEB8-8B4A-11D0-8D11-00A0C91BC942}") = "rewrite-trick2", "demos\rewrite-trick2\rewrite-trick2.vcxproj", "{CED2C36B-769B-432B-BEBE-5078A1215928}"
EndProject
Project("{8BC9CEB8-8B4A-11D0-8D11-00A0C91BC942}") = "rewrite-trick3", "demos\rewrite-trick3\rewrite-trick3.vcxproj", "{1D4C4C38-A781-4CF4-AE7D-D4D9BFBC4D06}"
EndProject
Project("{8BC9CEB8-8B4A-11D0-8D11-00A0C91BC942}") = "rewrite-trick4", "demos\rewrite-trick4\rewrite-trick4.vcxproj", "{07600E2B-C201-4A2B-8892-06B1AB67CE19}"
EndProject
Project("{8BC9CEB8-8B4A-11D0-8D11-00A0C91BC942}") = "rewrite-trick5", "demos\rewrite-trick5\rewrite-trick5.vcxproj", "{99079A34-8A6F-4FA4-85C3-AD6F7FAD4FC9}"
EndProject
Project("{8BC9CEB8-8B4A-11D0-8D11-00A0C91BC942}") = "rewrite-trick6", "demos\rewrite-trick6\rewrite-trick6.vcxproj", "{65B6EEF3-8B13-4B46-B88E-D5D7767BBB04}"
EndProject
Global
	GlobalSection(SolutionConfigurationPlatforms) = preSolution
		Debug|Win32 = Debug|Win32
		Release|Win32 = Release|Win32
	EndGlobalSection
	GlobalSection(ProjectConfigurationPlatforms) = postSolution
		{EC1B02C4-8BB1-4A73-B63D-89C7CAA59C74}.Debug|Win32.ActiveCfg = Debug|Win32
		{EC1B02C4-8BB1-4A73-B63D-89C7CAA59C74}.Debug|Win32.Build.0 = Debug|Win32
		{EC1B02C4-8BB1-4A73-B63D-89C7CAA59C74}.Release|Win32.ActiveCfg = Release|Win32
		{EC1B02C4-8BB1-4A73-B63D-89C7CAA59C74}.Release|Win32.Build.0 = Release|Win32
		{3374CCBC-71A2-41A8-942A-0F5841BE6061}.Debug|Win32.ActiveCfg = Debug|Win32
		{3374CCBC-71A2-41A8-942A-0F5841BE6061}.Debug|Win32.Build.0 = Debug|Win32
		{3374CCBC-71A2-41A8-942A-0F5841BE6061}.Release|Win32.ActiveCfg = Release|Win32
		{3374CCBC-71A2-41A8-942A-0F5841BE6061}.Release|Win32.Build.0 = Release|Win32
		{F3E080B1-BCB9-41DC-9845-6EAD3869AF55}.Debug|Win32.ActiveCfg = Debug|Win32
		{F3E080B1-BCB9-41DC-9845-6EAD3869AF55}.Debug|Win32.Build.0 = Debug|Win32
		{F3E080B1-BCB9-41DC-9845-6EAD3869AF55}.Release|Win32.ActiveCfg = Release|Win32
		{F3E080B1-BCB9-41DC-9845-6EAD3869AF55}.Release|Win32.Build.0 = Release|Win32
		{C32DA01C-7EB7-4C45-B517-3CB965216814}.Debug|Win32.ActiveCfg = Debug|Win32
		{C32DA01C-7EB7-4C45-B517-3CB965216814}.Debug|Win32.Build.0 = Debug|Win32
		{C32DA01C-7EB7-4C45-B517-3CB965216814}.Release|Win32.ActiveCfg = Release|Win32
		{C32DA01C-7EB7-4C45-B517-3CB965216814}.Release|Win32.Build.0 = Release|Win32
		{489E3144-653A-4775-8E1A-5D2062817736}.Debug|Win32.ActiveCfg = Debug|Win32
		{489E3144-653A-4775-8E1A-5D2062817736}.Debug|Win32.Build.0 = Debug|Win32
		{489E3144-653A-4775-8E1A-5D2062817736}.Release|Win32.ActiveCfg = Release|Win32
		{489E3144-653A-4775-8E1A-5D2062817736}.Release|Win32.Build.0 = Release|Win32
		{2457595D-F5B2-4076-ABCD-68ABD8F268F7}.Debug|Win32.ActiveCfg = Debug|Win32
		{2457595D-F5B2-4076-ABCD-68ABD8F268F7}.Debug|Win32.Build.0 = Debug|Win32
		{2457595D-F5B2-4076-ABCD-68ABD8F268F7}.Release|Win32.ActiveCfg = Release|Win32
		{2457595D-F5B2-4076-ABCD-68ABD8F268F7}.Release|Win32.Build.0 = Release|Win32
		{4077E962-B6B2-4428-909E-05F9C56CE75C}.Debug|Win32.ActiveCfg = Debug|Win32
		{4077E962-B6B2-4428-909E-05F9C56CE75C}.Debug|Win32.Build.0 = Debug|Win32
		{4077E962-B6B2-4428-909E-05F9C56CE75C}.Release|Win32.ActiveCfg = Release|Win32
		{4077E962-B6B2-4428-909E-05F9C56CE75C}.Release|Win32.Build.0 = Release|Win32
		{B05C82A2-D5C9-499A-A7E7-8AFE4D290D44}.Debug|Win32.ActiveCfg = Debug|Win32
		{B05C82A2-D5C9-499A-A7E7-8AFE4D290D44}.Debug|Win32.Build.0 = Debug|Win32
		{B05C82A2-D5C9-499A-A7E7-8AFE4D290D44}.Release|Win32.ActiveCfg = Release|Win32
		{B05C82A2-D5C9-499A-A7E7-8AFE4D290D44}.Release|Win32.Build.0 = Release|Win32
		{E657A7FF-3138-498C-89D2-671FBC3696DE}.Debug|Win32.ActiveCfg = Debug|Win32
		{E657A7FF-3138-498C-89D2-671FBC3696DE}.Debug|Win32.Build.0 = Debug|Win32
		{E657A7FF-3138-498C-89D2-671FBC3696DE}.Release|Win32.ActiveCfg = Release|Win32
		{E657A7FF-3138-498C-89D2-671FBC3696DE}.Release|Win32.Build.0 = Release|Win32
		{73925A69-6349-436F-85A7-353C8D97BF78}.Debug|Win32.ActiveCfg = Debug|Win32
		{73925A69-6349-436F-85A7-353C8D97BF78}.Debug|Win32.Build.0 = Debug|Win32
		{73925A69-6349-436F-85A7-353C8D97BF78}.Release|Win32.ActiveCfg = Release|Win32
		{73925A69-6349-436F-85A7-353C8D97BF78}.Release|Win32.Build.0 = Release|Win32
		{0FEBA2EC-ECBF-44D5-A511-51A5C879DBFB}.Debug|Win32.ActiveCfg = Debug|Win32
		{0FEBA2EC-ECBF-44D5-A511-51A5C879DBFB}.Debug|Win32.Build.0 = Debug|Win32
		{0FEBA2EC-ECBF-44D5-A511-51A5C879DBFB}.Release|Win32.ActiveCfg = Release|Win32
		{0FEBA2EC-ECBF-44D5-A511-51A5C879DBFB}.Release|Win32.Build.0 = Release|Win32
		{CED2C36B-769B-432B-BEBE-5078A1215928}.Debug|Win32.ActiveCfg = Debug|Win32
		{CED2C36B-769B-432B-BEBE-5078A1215928}.Debug|Win32.Build.0 = Debug|Win32
		{CED2C36B-769B-432B-BEBE-5078A1215928}.Release|Win32.ActiveCfg = Release|Win32
		{CED2C36B-769B-432B-BEBE-5078A1215928}.Release|Win32.Build.0 = Release|Win32
		{1D4C4C38-A781-4CF4-AE7D-D4D9BFBC4D06}.Debug|Win32.ActiveCfg = Debug|Win32
		{1D4C4C38-A781-4CF4-AE7D-D4D9BFBC4D06}.Debug|Win32.Build.0 = Debug|Win32
		{1D4C4C38-A781-4CF4-AE7D-D4D9BFBC4D06}.Release|Win32.ActiveCfg = Release|Win32
		{1D4C4C38-A781-4CF4-AE7D-D4D9BFBC4D06}.Release|Win32.Build.0 = Release|Win32
		{07600E2B-C201-4A2B-8892-06B1AB67CE19}.Debug|Win32.ActiveCfg = Debug|Win32
		{07600E2B-C201-4A2B-8892-06B1AB67CE19}.Debug|Win32.Build.0 = Debug|Win32
		{07600E2B-C201-4A2B-8892-06B1AB67CE19}.Release|Win32.ActiveCfg = Release|Win32
		{07600E2B-C201-4A2B-8892-06B1AB67CE19}.Release|Win32.Build.0 = Release|Win32
		{99079A34-8A6F-4FA4-85C3-AD6F7FAD4FC9}.Debug|Win32.ActiveCfg = Debug|Win32
		{99079A34-8A6F-4FA4-85C3-AD6F7FAD4FC9}.Debug|Win32.Build.0 = Debug|Win32
		{99079A34-8A6F-4FA4-85C3-AD6F7FAD4FC9}.Release|Win32.ActiveCfg = Release|Win32
		{99079A34-8A6F-4FA4-85C3-AD6F7FAD4FC9}.Release|Win32.Build.0 = Release|Win32
		{65B6EEF3-8B13-4B46-B88E-D5D7767BBB04}.Debug|Win32.ActiveCfg = Debug|Win32
		{65B6EEF3-8B13-4B46-B88E-D5D7767BBB04}.Debug|Win32.Build.0 = Debug|Win32
		{65B6EEF3-8B13-4B46-B88E-D5D7767BBB04}.Release|Win32.ActiveCfg = Release|Win32
		{65B6EEF3-8B13-4B46-B88E-D5D7767BBB04}.Release|Win32.Build.0 = Release|Win32
	EndGlobalSection
	GlobalSection(SolutionProperties) = preSolution
		HideSolutionNode = FALSE
	EndGlobalSection
	GlobalSection(NestedProjects) = preSolution
		{C32DA01C-7EB7-4C45-B517-3CB965216814} = {4D69630F-D490-4463-A5C4-25C36DA1A6FC}
		{489E3144-653A-4775-8E1A-5D2062817736} = {4D69630F-D490-4463-A5C4-25C36DA1A6FC}
		{2457595D-F5B2-4076-ABCD-68ABD8F268F7} = {4D69630F-D490-4463-A5C4-25C36DA1A6FC}
		{4077E962-B6B2-4428-909E-05F9C56CE75C} = {4D69630F-D490-4463-A5C4-25C36DA1A6FC}
		{B05C82A2-D5C9-499A-A7E7-8AFE4D290D44} = {4D69630F-D490-4463-A5C4-25C36DA1A6FC}
		{E657A7FF-3138-498C-89D2-671FBC3696DE} = {4D69630F-D490-4463-A5C4-25C36DA1A6FC}
		{73925A69-6349-436F-85A7-353C8D97BF78} = {4D69630F-D490-4463-A5C4-25C36DA1A6FC}
		{0FEBA2EC-ECBF-44D5-A511-51A5C879DBFB} = {4D69630F-D490-4463-A5C4-25C36DA1A6FC}
		{CED2C36B-769B-432B-BEBE-5078A1215928} = {4D69630F-D490-4463-A5C4-25C36DA1A6FC}
		{1D4C4C38-A781-4CF4-AE7D-D4D9BFBC4D06} = {4D69630F-D490-4463-A5C4-25C36DA1A6FC}
		{07600E2B-C201-4A2B-8892-06B1AB67CE19} = {4D69630F-D490-4463-A5C4-25C36DA1A6FC}
		{99079A34-8A6F-4FA4-85C3-AD6F7FAD4FC9} = {4D69630F-D490-4463-A5C4-25C36DA1A6FC}
		{65B6EEF3-8B13-4B46-B88E-D5D7767BBB04} = {4D69630F-D490-4463-A5C4-25C36DA1A6FC}
	EndGlobalSection
EndGlobal
