<?xml version="1.0" encoding="utf-8"?>
<Project ToolsVersion="4.0" xmlns="http://schemas.microsoft.com/developer/msbuild/2003">
  <ItemGroup>
    <Filter Include="Source Files">
      <UniqueIdentifier>{4FC737F1-C7A5-4376-A066-2A32D752A2FF}</UniqueIdentifier>
      <Extensions>cpp;c;cxx;def;odl;idl;hpj;bat;asm;asmx</Extensions>
    </Filter>
    <Filter Include="Header Files">
      <UniqueIdentifier>{93995380-89BD-4b04-88EB-625FBE52EBFB}</UniqueIdentifier>
      <Extensions>h;hpp;hxx;hm;inl;inc;xsd</Extensions>
    </Filter>
    <Filter Include="Resource Files">
      <UniqueIdentifier>{67DA6AB6-F800-4c08-8B7A-83BB121AAD01}</UniqueIdentifier>
      <Extensions>rc;ico;cur;bmp;dlg;rc2;rct;bin;rgs;gif;jpg;jpeg;jpe;resx</Extensions>
    </Filter>
    <Filter Include="Generator Header Files">
      <UniqueIdentifier>{36f5c417-d60f-4971-8391-2215ba9e8000}</UniqueIdentifier>
    </Filter>
    <Filter Include="Generator Source Files">
      <UniqueIdentifier>{6f6f33a8-7a98-44c5-9c84-e13e8b1ba741}</UniqueIdentifier>
    </Filter>
  </ItemGroup>
  <ItemGroup>
    <ClCompile Include="..\..\prop-src\aggen.cc">
      <Filter>Source Files</Filter>
    </ClCompile>
    <ClCompile Include="..\..\prop-src\ast.cc">
      <Filter>Source Files</Filter>
    </ClCompile>
    <ClCompile Include="..\..\prop-src\automake.cc">
      <Filter>Source Files</Filter>
    </ClCompile>
    <ClCompile Include="..\..\prop-src\classdef.cc">
      <Filter>Source Files</Filter>
    </ClCompile>
    <ClCompile Include="..\..\prop-src\codegen.cc">
      <Filter>Source Files</Filter>
    </ClCompile>
    <ClCompile Include="..\..\prop-src\collection.cc">
      <Filter>Source Files</Filter>
    </ClCompile>
    <ClCompile Include="..\..\prop-src\compiler.cc">
      <Filter>Source Files</Filter>
    </ClCompile>
    <ClCompile Include="..\..\prop-src\constr.cc">
      <Filter>Source Files</Filter>
    </ClCompile>
    <ClCompile Include="..\..\prop-src\datagen.cc">
      <Filter>Source Files</Filter>
    </ClCompile>
    <ClCompile Include="..\..\prop-src\datatype.cc">
      <Filter>Source Files</Filter>
    </ClCompile>
    <ClCompile Include="..\..\prop-src\documentation.cc">
      <Filter>Source Files</Filter>
    </ClCompile>
    <ClCompile Include="..\..\prop-src\env.cc">
      <Filter>Source Files</Filter>
    </ClCompile>
    <ClCompile Include="..\..\prop-src\frontend.cc">
      <Filter>Source Files</Filter>
    </ClCompile>
    <ClCompile Include="..\..\prop-src\functortab.cc">
      <Filter>Source Files</Filter>
    </ClCompile>
    <ClCompile Include="..\..\prop-src\funmap.cc">
      <Filter>Source Files</Filter>
    </ClCompile>
    <ClCompile Include="..\..\prop-src\gcgen.cc">
      <Filter>Source Files</Filter>
    </ClCompile>
    <ClCompile Include="..\..\prop-src\graphops.cc">
      <Filter>Source Files</Filter>
    </ClCompile>
    <ClCompile Include="..\..\prop-src\graphrep.cc">
      <Filter>Source Files</Filter>
    </ClCompile>
    <ClCompile Include="..\..\prop-src\graphreport.cc">
      <Filter>Source Files</Filter>
    </ClCompile>
    <ClCompile Include="..\..\prop-src\graphtype.cc">
      <Filter>Source Files</Filter>
    </ClCompile>
    <ClCompile Include="..\..\prop-src\grsgen.cc">
      <Filter>Source Files</Filter>
    </ClCompile>
    <ClCompile Include="..\..\prop-src\hashtab.cc">
      <Filter>Source Files</Filter>
    </ClCompile>
    <ClCompile Include="..\..\prop-src\indexing.cc">
      <Filter>Source Files</Filter>
    </ClCompile>
    <ClCompile Include="..\..\prop-src\infgen.cc">
      <Filter>Source Files</Filter>
    </ClCompile>
    <ClCompile Include="..\..\prop-src\instance.cc">
      <Filter>Source Files</Filter>
    </ClCompile>
    <ClCompile Include="..\..\prop-src\labelgen.cc">
      <Filter>Source Files</Filter>
    </ClCompile>
    <ClCompile Include="..\..\prop-src\lawgen.cc">
      <Filter>Source Files</Filter>
    </ClCompile>
    <ClCompile Include="..\..\prop-src\lexeme.cc">
      <Filter>Source Files</Filter>
    </ClCompile>
    <ClCompile Include="..\..\prop-src\lexer.cc">
      <Filter>Source Files</Filter>
    </ClCompile>
    <ClCompile Include="..\..\prop-src\linking.cc">
      <Filter>Source Files</Filter>
    </ClCompile>
    <ClCompile Include="..\..\prop-src\matchcom.cc">
      <Filter>Source Files</Filter>
    </ClCompile>
    <ClCompile Include="..\..\prop-src\matchgen.cc">
      <Filter>Source Files</Filter>
    </ClCompile>
    <ClCompile Include="..\..\prop-src\metasyntax.cc">
      <Filter>Source Files</Filter>
    </ClCompile>
    <ClCompile Include="..\..\prop-src\options.cc">
      <Filter>Source Files</Filter>
    </ClCompile>
    <ClCompile Include="..\..\prop-src\parsegen.cc">
      <Filter>Source Files</Filter>
    </ClCompile>
    <ClCompile Include="..\..\prop-src\parser-util.cc">
      <Filter>Source Files</Filter>
    </ClCompile>
    <ClCompile Include="..\..\prop-src\parser.cc">
      <Filter>Source Files</Filter>
    </ClCompile>
    <ClCompile Include="..\..\prop-src\pat.cc">
      <Filter>Source Files</Filter>
    </ClCompile>
    <ClCompile Include="..\..\prop-src\patchlev.cc">
      <Filter>Source Files</Filter>
    </ClCompile>
    <ClCompile Include="..\..\prop-src\patenv.cc">
      <Filter>Source Files</Filter>
    </ClCompile>
    <ClCompile Include="..\..\prop-src\persistgen.cc">
      <Filter>Source Files</Filter>
    </ClCompile>
    <ClCompile Include="..\..\prop-src\printgen.cc">
      <Filter>Source Files</Filter>
    </ClCompile>
    <ClCompile Include="..\..\prop-src\printing.cc">
      <Filter>Source Files</Filter>
    </ClCompile>
    <ClCompile Include="..\..\prop-src\process.cc">
      <Filter>Source Files</Filter>
    </ClCompile>
    <ClCompile Include="..\..\prop-src\prop-main.cc">
      <Filter>Source Files</Filter>
    </ClCompile>
    <ClCompile Include="..\..\prop-src\rwgen.cc">
      <Filter>Source Files</Filter>
    </ClCompile>
    <ClCompile Include="..\..\prop-src\rwgen2.cc">
      <Filter>Source Files</Filter>
    </ClCompile>
    <ClCompile Include="..\..\prop-src\rwgen3.cc">
      <Filter>Source Files</Filter>
    </ClCompile>
    <ClCompile Include="..\..\prop-src\rwgen4.cc">
      <Filter>Source Files</Filter>
    </ClCompile>
    <ClCompile Include="..\..\prop-src\rwgen5.cc">
      <Filter>Source Files</Filter>
    </ClCompile>
    <ClCompile Include="..\..\prop-src\rwmix.cc">
      <Filter>Source Files</Filter>
    </ClCompile>
    <ClCompile Include="..\..\prop-src\selector.cc">
      <Filter>Source Files</Filter>
    </ClCompile>
    <ClCompile Include="..\..\prop-src\setl-ast.cc">
      <Filter>Source Files</Filter>
    </ClCompile>
    <ClCompile Include="..\..\prop-src\setlgen.cc">
      <Filter>Source Files</Filter>
    </ClCompile>
    <ClCompile Include="..\..\prop-src\setltype.cc">
      <Filter>Source Files</Filter>
    </ClCompile>
    <ClCompile Include="..\..\prop-src\textbuf.cc">
      <Filter>Source Files</Filter>
    </ClCompile>
    <ClCompile Include="..\..\prop-src\timespace.cc">
      <Filter>Source Files</Filter>
    </ClCompile>
    <ClCompile Include="..\..\prop-src\trs.cc">
      <Filter>Source Files</Filter>
    </ClCompile>
    <ClCompile Include="..\..\prop-src\trs2.cc">
      <Filter>Source Files</Filter>
    </ClCompile>
    <ClCompile Include="..\..\prop-src\trs3.cc">
      <Filter>Source Files</Filter>
    </ClCompile>
    <ClCompile Include="..\..\prop-src\type.cc">
      <Filter>Source Files</Filter>
    </ClCompile>
    <ClCompile Include="..\..\prop-src\visual2.cc">
      <Filter>Source Files</Filter>
    </ClCompile>
    <ClCompile Include="..\..\prop-src\visualize.cc">
      <Filter>Source Files</Filter>
    </ClCompile>
  </ItemGroup>
  <ItemGroup>
    <ClInclude Include="..\..\prop-src\aggen.h">
      <Filter>Header Files</Filter>
    </ClInclude>
    <ClInclude Include="..\..\prop-src\ast.h">
      <Filter>Header Files</Filter>
    </ClInclude>
    <ClInclude Include="..\..\prop-src\author.h">
      <Filter>Header Files</Filter>
    </ClInclude>
    <ClInclude Include="..\..\prop-src\automake.h">
      <Filter>Header Files</Filter>
    </ClInclude>
    <ClInclude Include="..\..\prop-src\basics.h">
      <Filter>Header Files</Filter>
    </ClInclude>
    <ClInclude Include="..\..\prop-src\classdef.h">
      <Filter>Header Files</Filter>
    </ClInclude>
    <ClInclude Include="..\..\prop-src\codegen.h">
      <Filter>Header Files</Filter>
    </ClInclude>
    <ClInclude Include="..\..\prop-src\collection.h">
      <Filter>Header Files</Filter>
    </ClInclude>
    <ClInclude Include="..\..\prop-src\compiler.h">
      <Filter>Header Files</Filter>
    </ClInclude>
    <ClInclude Include="..\..\prop-src\config.h">
      <Filter>Header Files</Filter>
    </ClInclude>
    <ClInclude Include="..\..\prop-src\datagen.h">
      <Filter>Header Files</Filter>
    </ClInclude>
    <ClInclude Include="..\..\prop-src\datatype.h">
      <Filter>Header Files</Filter>
    </ClInclude>
    <ClInclude Include="..\..\prop-src\env.h">
      <Filter>Header Files</Filter>
    </ClInclude>
    <ClInclude Include="..\..\prop-src\functortab.h">
      <Filter>Header Files</Filter>
    </ClInclude>
    <ClInclude Include="..\..\prop-src\funmap.h">
      <Filter>Header Files</Filter>
    </ClInclude>
    <ClInclude Include="..\..\prop-src\graphedges.h">
      <Filter>Header Files</Filter>
    </ClInclude>
    <ClInclude Include="..\..\prop-src\graphtype.h">
      <Filter>Header Files</Filter>
    </ClInclude>
    <ClInclude Include="..\..\prop-src\grsgen.h">
      <Filter>Header Files</Filter>
    </ClInclude>
    <ClInclude Include="..\..\prop-src\hashtab.h">
      <Filter>Header Files</Filter>
    </ClInclude>
    <ClInclude Include="..\..\prop-src\infgen.h">
      <Filter>Header Files</Filter>
    </ClInclude>
    <ClInclude Include="..\..\prop-src\ir.h">
      <Filter>Header Files</Filter>
    </ClInclude>
    <ClInclude Include="..\..\prop-src\keywords.h">
      <Filter>Header Files</Filter>
    </ClInclude>
    <ClInclude Include="..\..\prop-src\labelgen.h">
      <Filter>Header Files</Filter>
    </ClInclude>
    <ClInclude Include="..\..\prop-src\list.h">
      <Filter>Header Files</Filter>
    </ClInclude>
    <ClInclude Include="..\..\prop-src\listimpl.h">
      <Filter>Header Files</Filter>
    </ClInclude>
    <ClInclude Include="..\..\prop-src\matchcom.h">
      <Filter>Header Files</Filter>
    </ClInclude>
    <ClInclude Include="..\..\prop-src\metasyntax.h">
      <Filter>Header Files</Filter>
    </ClInclude>
    <ClInclude Include="..\..\prop-src\options.h">
      <Filter>Header Files</Filter>
    </ClInclude>
    <ClInclude Include="..\..\prop-src\parsegen.h">
      <Filter>Header Files</Filter>
    </ClInclude>
    <ClInclude Include="..\..\prop-src\parser.h">
      <Filter>Header Files</Filter>
    </ClInclude>
    <ClInclude Include="..\..\prop-src\pat.h">
      <Filter>Header Files</Filter>
    </ClInclude>
    <ClInclude Include="..\..\prop-src\patenv.h">
      <Filter>Header Files</Filter>
    </ClInclude>
    <ClInclude Include="..\..\prop-src\rwgen.h">
      <Filter>Header Files</Filter>
    </ClInclude>
    <ClInclude Include="..\..\prop-src\rwmix.h">
      <Filter>Header Files</Filter>
    </ClInclude>
    <ClInclude Include="..\..\prop-src\setl-ast.h">
      <Filter>Header Files</Filter>
    </ClInclude>
    <ClInclude Include="..\..\prop-src\setlgen.h">
      <Filter>Header Files</Filter>
    </ClInclude>
    <ClInclude Include="..\..\prop-src\textbuf.h">
      <Filter>Header Files</Filter>
    </ClInclude>
    <ClInclude Include="..\..\prop-src\timespace.h">
      <Filter>Header Files</Filter>
    </ClInclude>
    <ClInclude Include="..\..\prop-src\trs.h">
      <Filter>Header Files</Filter>
    </ClInclude>
    <ClInclude Include="..\..\prop-src\type.h">
      <Filter>Header Files</Filter>
    </ClInclude>
    <ClInclude Include="..\..\prop-src\visualize.h">
      <Filter>Header Files</Filter>
    </ClInclude>
  </ItemGroup>
</Project>